# This file is automatically @generated by Cargo.
# It is not intended for manual editing.
version = 3

[[package]]
name = "arrays_and_for_loops"
version = "0.1.0"

[[package]]
name = "dangling_references"
version = "0.1.0"

[[package]]
name = "function"
version = "0.1.0"

[[package]]
name = "function_overloading"
version = "0.1.0"

[[package]]
name = "implict_conversion"
version = "0.1.0"

[[package]]
name = "library"
version = "0.1.0"

[[package]]
name = "method"
version = "0.1.0"

[[package]]
name = "references"
version = "0.1.0"

[[package]]
name = "simple_example"
version = "0.1.0"

[[package]]
name = "slices"
version = "0.1.0"

[[package]]
name = "string_vs_str"
version = "0.1.0"
